PODS:
  - DeviceKit (5.0.0)
  - FoxAgileKit (0.1.0):
    - FoxAgileKit/Basic (= 0.1.0)
    - FoxAgileKit/Device (= 0.1.0)
    - FoxAgileKit/Extensions (= 0.1.0)
    - FoxAgileKit/Widgets (= 0.1.0)
  - FoxAgileKit/Basic (0.1.0)
  - FoxAgileKit/Device (0.1.0):
    - DeviceKit
    - KeychainAccess (~> 4.2.1)
  - FoxAgileKit/Extensions (0.1.0)
  - FoxAgileKit/Widgets (0.1.0):
    - SnapKit
  - KeychainAccess (4.2.2)
  - SnapKit (5.6.0)

DEPENDENCIES:
  - FoxAgileKit (from `../`)

SPEC REPOS:
  trunk:
    - DeviceKit
    - KeychainAccess
    - SnapKit

EXTERNAL SOURCES:
  FoxAgileKit:
    :path: "../"

SPEC CHECKSUMS:
  DeviceKit: 0fd016a2cb67aca17c33dc23171cac270131eb88
  FoxAgileKit: cd017f6186cc0925650525b7985b87f40d4c73bd
  KeychainAccess: c0c4f7f38f6fc7bbe58f5702e25f7bd2f65abf51
  SnapKit: e01d52ebb8ddbc333eefe2132acf85c8227d9c25

PODFILE CHECKSUM: 692108ae3e094b74586c8ddabc342140cee23b70

COCOAPODS: 1.12.1
